
Microsoft Visual Studio Solution File, Format Version 12.00
# Visual Studio Version 17
VisualStudioVersion = 17.8.34322.80
MinimumVisualStudioVersion = 10.0.40219.1
Project("{FAE04EC0-301F-11D3-BF4B-00C04F79EFBC}") = "PI4 Restaurant opdracht WebDev", "PI4 Restaurant opdracht WebDev\PI4 Restaurant opdracht WebDev.csproj", "{FFB53BD1-7EA1-4B29-93C3-4F86BA09118E}"
EndProject
Global
	GlobalSection(SolutionConfigurationPlatforms) = preSolution
		Debug|Any CPU = Debug|Any CPU
		Release|Any CPU = Release|Any CPU
	EndGlobalSection
	GlobalSection(ProjectConfigurationPlatforms) = postSolution
		{FFB53BD1-7EA1-4B29-93C3-4F86BA09118E}.Debug|Any CPU.ActiveCfg = Debug|Any CPU
		{FFB53BD1-7EA1-4B29-93C3-4F86BA09118E}.Debug|Any CPU.Build.0 = Debug|Any CPU
		{FFB53BD1-7EA1-4B29-93C3-4F86BA09118E}.Release|Any CPU.ActiveCfg = Release|Any CPU
		{FFB53BD1-7EA1-4B29-93C3-4F86BA09118E}.Release|Any CPU.Build.0 = Release|Any CPU
	EndGlobalSection
	GlobalSection(SolutionProperties) = preSolution
		HideSolutionNode = FALSE
	EndGlobalSection
	GlobalSection(ExtensibilityGlobals) = postSolution
		SolutionGuid = {41315256-2B0A-4826-BDB0-FE48F200BDE5}
	EndGlobalSection
EndGlobal
